
Microsoft Visual Studio Solution File, Format Version 12.00
# Visual Studio Version 17
VisualStudioVersion = 17.9.34728.123
MinimumVisualStudioVersion = 10.0.40219.1
Project("{FAE04EC0-301F-11D3-BF4B-00C04F79EFBC}") = "teste_nstech", "teste_nstech\teste_nstech.csproj", "{C65354F5-36D3-4C82-9842-28D3F8779661}"
EndProject
Global
	GlobalSection(SolutionConfigurationPlatforms) = preSolution
		Debug|Any CPU = Debug|Any CPU
		Release|Any CPU = Release|Any CPU
	EndGlobalSection
	GlobalSection(ProjectConfigurationPlatforms) = postSolution
		{C65354F5-36D3-4C82-9842-28D3F8779661}.Debug|Any CPU.ActiveCfg = Debug|Any CPU
		{C65354F5-36D3-4C82-9842-28D3F8779661}.Debug|Any CPU.Build.0 = Debug|Any CPU
		{C65354F5-36D3-4C82-9842-28D3F8779661}.Release|Any CPU.ActiveCfg = Release|Any CPU
		{C65354F5-36D3-4C82-9842-28D3F8779661}.Release|Any CPU.Build.0 = Release|Any CPU
	EndGlobalSection
	GlobalSection(SolutionProperties) = preSolution
		HideSolutionNode = FALSE
	EndGlobalSection
	GlobalSection(ExtensibilityGlobals) = postSolution
		SolutionGuid = {319A5B25-5948-40BC-9F25-15CAD245C448}
	EndGlobalSection
EndGlobal
